
Microsoft Visual Studio Solution File, Format Version 12.00
# Visual Studio Version 17
VisualStudioVersion = 17.8.34525.116
MinimumVisualStudioVersion = 10.0.40219.1
Project("{FAE04EC0-301F-11D3-BF4B-00C04F79EFBC}") = "UrlShortener", "UrlShortener\UrlShortener.csproj", "{CF0C6D5C-1B6B-41A0-AAE6-0B0D3DB827CE}"
EndProject
Global
	GlobalSection(SolutionConfigurationPlatforms) = preSolution
		Debug|Any CPU = Debug|Any CPU
		Release|Any CPU = Release|Any CPU
	EndGlobalSection
	GlobalSection(ProjectConfigurationPlatforms) = postSolution
		{CF0C6D5C-1B6B-41A0-AAE6-0B0D3DB827CE}.Debug|Any CPU.ActiveCfg = Debug|Any CPU
		{CF0C6D5C-1B6B-41A0-AAE6-0B0D3DB827CE}.Debug|Any CPU.Build.0 = Debug|Any CPU
		{CF0C6D5C-1B6B-41A0-AAE6-0B0D3DB827CE}.Release|Any CPU.ActiveCfg = Release|Any CPU
		{CF0C6D5C-1B6B-41A0-AAE6-0B0D3DB827CE}.Release|Any CPU.Build.0 = Release|Any CPU
	EndGlobalSection
	GlobalSection(SolutionProperties) = preSolution
		HideSolutionNode = FALSE
	EndGlobalSection
	GlobalSection(ExtensibilityGlobals) = postSolution
		SolutionGuid = {D3F6AEBA-6B3B-4B2E-8238-928984115A69}
	EndGlobalSection
EndGlobal
